// !$*UTF8*$!
{
	archiveVersion = 1;
	classes = {
	};
	objectVersion = 46;
	objects = {

/* Begin PBXBuildFile section */
		1B243CE4E10A27A961EC6EED /* Pods_twitter.framework in Frameworks */ = {isa = PBXBuildFile; fileRef = 354AD078BE9B3C97EA2BB82E /* Pods_twitter.framework */; };
		37DE8BA682CB0892DB5501F4 /* Pods_twitterTests.framework in Frameworks */ = {isa = PBXBuildFile; fileRef = BF545D92184EE4D35E823BC1 /* Pods_twitterTests.framework */; };
		863174160BCEF955E872DD0F /* Pods_twitterUITests.framework in Frameworks */ = {isa = PBXBuildFile; fileRef = 490B85B06F2C3C1E8AC51632 /* Pods_twitterUITests.framework */; };
		AF324F2A1D2449A60017AEAB /* UserViewController.swift in Sources */ = {isa = PBXBuildFile; fileRef = AF324F291D2449A60017AEAB /* UserViewController.swift */; };
		AF324F2C1D244FBE0017AEAB /* UserTweetCell.swift in Sources */ = {isa = PBXBuildFile; fileRef = AF324F2B1D244FBE0017AEAB /* UserTweetCell.swift */; };
		AF324F2F1D2580860017AEAB /* InfiniteScrollActivityView.swift in Sources */ = {isa = PBXBuildFile; fileRef = AF324F2E1D2580860017AEAB /* InfiniteScrollActivityView.swift */; };
		AF5E680D1D21BA370008AF54 /* AppDelegate.swift in Sources */ = {isa = PBXBuildFile; fileRef = AF5E680C1D21BA370008AF54 /* AppDelegate.swift */; };
		AF5E68121D21BA370008AF54 /* Main.storyboard in Resources */ = {isa = PBXBuildFile; fileRef = AF5E68101D21BA370008AF54 /* Main.storyboard */; };
		AF5E68141D21BA370008AF54 /* Assets.xcassets in Resources */ = {isa = PBXBuildFile; fileRef = AF5E68131D21BA370008AF54 /* Assets.xcassets */; };
		AF5E68171D21BA370008AF54 /* LaunchScreen.storyboard in Resources */ = {isa = PBXBuildFile; fileRef = AF5E68151D21BA370008AF54 /* LaunchScreen.storyboard */; };
		AF5E68221D21BA370008AF54 /* twitterTests.swift in Sources */ = {isa = PBXBuildFile; fileRef = AF5E68211D21BA370008AF54 /* twitterTests.swift */; };
		AF5E682D1D21BA370008AF54 /* twitterUITests.swift in Sources */ = {isa = PBXBuildFile; fileRef = AF5E682C1D21BA370008AF54 /* twitterUITests.swift */; };
		AF5E683B1D21BB490008AF54 /* LoginViewController.swift in Sources */ = {isa = PBXBuildFile; fileRef = AF5E683A1D21BB490008AF54 /* LoginViewController.swift */; };
		AF5E68401D21C4400008AF54 /* User.swift in Sources */ = {isa = PBXBuildFile; fileRef = AF5E683F1D21C4400008AF54 /* User.swift */; };
		AF5E68421D21C44A0008AF54 /* Tweet.swift in Sources */ = {isa = PBXBuildFile; fileRef = AF5E68411D21C44A0008AF54 /* Tweet.swift */; };
		AF5E68471D21C96F0008AF54 /* TwitterClientSM.swift in Sources */ = {isa = PBXBuildFile; fileRef = AF5E68461D21C96F0008AF54 /* TwitterClientSM.swift */; };
		AF5E68491D21CFF70008AF54 /* TweetsViewController.swift in Sources */ = {isa = PBXBuildFile; fileRef = AF5E68481D21CFF70008AF54 /* TweetsViewController.swift */; };
		AF5E684B1D21D1A80008AF54 /* TweetCell.swift in Sources */ = {isa = PBXBuildFile; fileRef = AF5E684A1D21D1A80008AF54 /* TweetCell.swift */; };
		AF5E68511D2312280008AF54 /* DetailViewController.swift in Sources */ = {isa = PBXBuildFile; fileRef = AF5E68501D2312280008AF54 /* DetailViewController.swift */; };
		AF5E68531D232A510008AF54 /* ProfileViewController.swift in Sources */ = {isa = PBXBuildFile; fileRef = AF5E68521D232A510008AF54 /* ProfileViewController.swift */; };
		AF5E68551D232B020008AF54 /* ProfileCell.swift in Sources */ = {isa = PBXBuildFile; fileRef = AF5E68541D232B020008AF54 /* ProfileCell.swift */; };
		AF5E68571D233E0A0008AF54 /* ComposeViewController.swift in Sources */ = {isa = PBXBuildFile; fileRef = AF5E68561D233E0A0008AF54 /* ComposeViewController.swift */; };
/* End PBXBuildFile section */

/* Begin PBXContainerItemProxy section */
		AF5E681E1D21BA370008AF54 /* PBXContainerItemProxy */ = {
			isa = PBXContainerItemProxy;
			containerPortal = AF5E68011D21BA370008AF54 /* Project object */;
			proxyType = 1;
			remoteGlobalIDString = AF5E68081D21BA370008AF54;
			remoteInfo = twitter;
		};
		AF5E68291D21BA370008AF54 /* PBXContainerItemProxy */ = {
			isa = PBXContainerItemProxy;
			containerPortal = AF5E68011D21BA370008AF54 /* Project object */;
			proxyType = 1;
			remoteGlobalIDString = AF5E68081D21BA370008AF54;
			remoteInfo = twitter;
		};
/* End PBXContainerItemProxy section */

/* Begin PBXFileReference section */
		1505B83210E8BD8A2B3A9D99 /* Pods-twitter.release.xcconfig */ = {isa = PBXFileReference; includeInIndex = 1; lastKnownFileType = text.xcconfig; name = "Pods-twitter.release.xcconfig"; path = "Pods/Target Support Files/Pods-twitter/Pods-twitter.release.xcconfig"; sourceTree = "<group>"; };
		354AD078BE9B3C97EA2BB82E /* Pods_twitter.framework */ = {isa = PBXFileReference; explicitFileType = wrapper.framework; includeInIndex = 0; path = Pods_twitter.framework; sourceTree = BUILT_PRODUCTS_DIR; };
		490B85B06F2C3C1E8AC51632 /* Pods_twitterUITests.framework */ = {isa = PBXFileReference; explicitFileType = wrapper.framework; includeInIndex = 0; path = Pods_twitterUITests.framework; sourceTree = BUILT_PRODUCTS_DIR; };
		5F3B199DC1D4D6229E8D7728 /* Pods-twitter.debug.xcconfig */ = {isa = PBXFileReference; includeInIndex = 1; lastKnownFileType = text.xcconfig; name = "Pods-twitter.debug.xcconfig"; path = "Pods/Target Support Files/Pods-twitter/Pods-twitter.debug.xcconfig"; sourceTree = "<group>"; };
		7EEEB777C277DC374C392174 /* Pods-twitterUITests.release.xcconfig */ = {isa = PBXFileReference; includeInIndex = 1; lastKnownFileType = text.xcconfig; name = "Pods-twitterUITests.release.xcconfig"; path = "Pods/Target Support Files/Pods-twitterUITests/Pods-twitterUITests.release.xcconfig"; sourceTree = "<group>"; };
		A90F141BD9DD8EE164659352 /* Pods-twitterTests.debug.xcconfig */ = {isa = PBXFileReference; includeInIndex = 1; lastKnownFileType = text.xcconfig; name = "Pods-twitterTests.debug.xcconfig"; path = "Pods/Target Support Files/Pods-twitterTests/Pods-twitterTests.debug.xcconfig"; sourceTree = "<group>"; };
		AF324F291D2449A60017AEAB /* UserViewController.swift */ = {isa = PBXFileReference; fileEncoding = 4; lastKnownFileType = sourcecode.swift; path = UserViewController.swift; sourceTree = "<group>"; };
		AF324F2B1D244FBE0017AEAB /* UserTweetCell.swift */ = {isa = PBXFileReference; fileEncoding = 4; lastKnownFileType = sourcecode.swift; path = UserTweetCell.swift; sourceTree = "<group>"; };
		AF324F2E1D2580860017AEAB /* InfiniteScrollActivityView.swift */ = {isa = PBXFileReference; fileEncoding = 4; lastKnownFileType = sourcecode.swift; path = InfiniteScrollActivityView.swift; sourceTree = "<group>"; };
		AF5E68091D21BA370008AF54 /* twitter.app */ = {isa = PBXFileReference; explicitFileType = wrapper.application; includeInIndex = 0; path = twitter.app; sourceTree = BUILT_PRODUCTS_DIR; };
		AF5E680C1D21BA370008AF54 /* AppDelegate.swift */ = {isa = PBXFileReference; lastKnownFileType = sourcecode.swift; path = AppDelegate.swift; sourceTree = "<group>"; };
		AF5E68111D21BA370008AF54 /* Base */ = {isa = PBXFileReference; lastKnownFileType = file.storyboard; name = Base; path = Base.lproj/Main.storyboard; sourceTree = "<group>"; };
		AF5E68131D21BA370008AF54 /* Assets.xcassets */ = {isa = PBXFileReference; lastKnownFileType = folder.assetcatalog; path = Assets.xcassets; sourceTree = "<group>"; };
		AF5E68161D21BA370008AF54 /* Base */ = {isa = PBXFileReference; lastKnownFileType = file.storyboard; name = Base; path = Base.lproj/LaunchScreen.storyboard; sourceTree = "<group>"; };
		AF5E68181D21BA370008AF54 /* Info.plist */ = {isa = PBXFileReference; lastKnownFileType = text.plist.xml; path = Info.plist; sourceTree = "<group>"; };
		AF5E681D1D21BA370008AF54 /* twitterTests.xctest */ = {isa = PBXFileReference; explicitFileType = wrapper.cfbundle; includeInIndex = 0; path = twitterTests.xctest; sourceTree = BUILT_PRODUCTS_DIR; };
		AF5E68211D21BA370008AF54 /* twitterTests.swift */ = {isa = PBXFileReference; lastKnownFileType = sourcecode.swift; path = twitterTests.swift; sourceTree = "<group>"; };
		AF5E68231D21BA370008AF54 /* Info.plist */ = {isa = PBXFileReference; lastKnownFileType = text.plist.xml; path = Info.plist; sourceTree = "<group>"; };
		AF5E68281D21BA370008AF54 /* twitterUITests.xctest */ = {isa = PBXFileReference; explicitFileType = wrapper.cfbundle; includeInIndex = 0; path = twitterUITests.xctest; sourceTree = BUILT_PRODUCTS_DIR; };
		AF5E682C1D21BA370008AF54 /* twitterUITests.swift */ = {isa = PBXFileReference; lastKnownFileType = sourcecode.swift; path = twitterUITests.swift; sourceTree = "<group>"; };
		AF5E682E1D21BA370008AF54 /* Info.plist */ = {isa = PBXFileReference; lastKnownFileType = text.plist.xml; path = Info.plist; sourceTree = "<group>"; };
		AF5E683A1D21BB490008AF54 /* LoginViewController.swift */ = {isa = PBXFileReference; fileEncoding = 4; lastKnownFileType = sourcecode.swift; path = LoginViewController.swift; sourceTree = "<group>"; };
		AF5E683F1D21C4400008AF54 /* User.swift */ = {isa = PBXFileReference; fileEncoding = 4; lastKnownFileType = sourcecode.swift; path = User.swift; sourceTree = "<group>"; };
		AF5E68411D21C44A0008AF54 /* Tweet.swift */ = {isa = PBXFileReference; fileEncoding = 4; lastKnownFileType = sourcecode.swift; path = Tweet.swift; sourceTree = "<group>"; };
		AF5E68461D21C96F0008AF54 /* TwitterClientSM.swift */ = {isa = PBXFileReference; fileEncoding = 4; lastKnownFileType = sourcecode.swift; path = TwitterClientSM.swift; sourceTree = "<group>"; };
		AF5E68481D21CFF70008AF54 /* TweetsViewController.swift */ = {isa = PBXFileReference; fileEncoding = 4; lastKnownFileType = sourcecode.swift; path = TweetsViewController.swift; sourceTree = "<group>"; };
		AF5E684A1D21D1A80008AF54 /* TweetCell.swift */ = {isa = PBXFileReference; fileEncoding = 4; lastKnownFileType = sourcecode.swift; path = TweetCell.swift; sourceTree = "<group>"; };
		AF5E68501D2312280008AF54 /* DetailViewController.swift */ = {isa = PBXFileReference; fileEncoding = 4; lastKnownFileType = sourcecode.swift; path = DetailViewController.swift; sourceTree = "<group>"; };
		AF5E68521D232A510008AF54 /* ProfileViewController.swift */ = {isa = PBXFileReference; fileEncoding = 4; lastKnownFileType = sourcecode.swift; path = ProfileViewController.swift; sourceTree = "<group>"; };
		AF5E68541D232B020008AF54 /* ProfileCell.swift */ = {isa = PBXFileReference; fileEncoding = 4; lastKnownFileType = sourcecode.swift; path = ProfileCell.swift; sourceTree = "<group>"; };
		AF5E68561D233E0A0008AF54 /* ComposeViewController.swift */ = {isa = PBXFileReference; fileEncoding = 4; lastKnownFileType = sourcecode.swift; path = ComposeViewController.swift; sourceTree = "<group>"; };
		BDEF42B00863A1EAF131BB08 /* Pods-twitterUITests.debug.xcconfig */ = {isa = PBXFileReference; includeInIndex = 1; lastKnownFileType = text.xcconfig; name = "Pods-twitterUITests.debug.xcconfig"; path = "Pods/Target Support Files/Pods-twitterUITests/Pods-twitterUITests.debug.xcconfig"; sourceTree = "<group>"; };
		BF545D92184EE4D35E823BC1 /* Pods_twitterTests.framework */ = {isa = PBXFileReference; explicitFileType = wrapper.framework; includeInIndex = 0; path = Pods_twitterTests.framework; sourceTree = BUILT_PRODUCTS_DIR; };
		C7D12C70A80EB8DC870C2CA1 /* Pods-twitterTests.release.xcconfig */ = {isa = PBXFileReference; includeInIndex = 1; lastKnownFileType = text.xcconfig; name = "Pods-twitterTests.release.xcconfig"; path = "Pods/Target Support Files/Pods-twitterTests/Pods-twitterTests.release.xcconfig"; sourceTree = "<group>"; };
/* End PBXFileReference section */

/* Begin PBXFrameworksBuildPhase section */
		AF5E68061D21BA370008AF54 /* Frameworks */ = {
			isa = PBXFrameworksBuildPhase;
			buildActionMask = 2147483647;
			files = (
				1B243CE4E10A27A961EC6EED /* Pods_twitter.framework in Frameworks */,
			);
			runOnlyForDeploymentPostprocessing = 0;
		};
		AF5E681A1D21BA370008AF54 /* Frameworks */ = {
			isa = PBXFrameworksBuildPhase;
			buildActionMask = 2147483647;
			files = (
				37DE8BA682CB0892DB5501F4 /* Pods_twitterTests.framework in Frameworks */,
			);
			runOnlyForDeploymentPostprocessing = 0;
		};
		AF5E68251D21BA370008AF54 /* Frameworks */ = {
			isa = PBXFrameworksBuildPhase;
			buildActionMask = 2147483647;
			files = (
				863174160BCEF955E872DD0F /* Pods_twitterUITests.framework in Frameworks */,
			);
			runOnlyForDeploymentPostprocessing = 0;
		};
/* End PBXFrameworksBuildPhase section */

/* Begin PBXGroup section */
		3FE050DDDA0E6617D935BB13 /* Pods */ = {
			isa = PBXGroup;
			children = (
				5F3B199DC1D4D6229E8D7728 /* Pods-twitter.debug.xcconfig */,
				1505B83210E8BD8A2B3A9D99 /* Pods-twitter.release.xcconfig */,
				A90F141BD9DD8EE164659352 /* Pods-twitterTests.debug.xcconfig */,
				C7D12C70A80EB8DC870C2CA1 /* Pods-twitterTests.release.xcconfig */,
				BDEF42B00863A1EAF131BB08 /* Pods-twitterUITests.debug.xcconfig */,
				7EEEB777C277DC374C392174 /* Pods-twitterUITests.release.xcconfig */,
			);
			name = Pods;
			sourceTree = "<group>";
		};
		AF324F2D1D24503E0017AEAB /* Table View Cells */ = {
			isa = PBXGroup;
			children = (
				AF5E68541D232B020008AF54 /* ProfileCell.swift */,
				AF324F2B1D244FBE0017AEAB /* UserTweetCell.swift */,
				AF5E684A1D21D1A80008AF54 /* TweetCell.swift */,
			);
			name = "Table View Cells";
			sourceTree = "<group>";
		};
		AF5E68001D21BA370008AF54 = {
			isa = PBXGroup;
			children = (
				AF5E680B1D21BA370008AF54 /* twitter */,
				AF5E68201D21BA370008AF54 /* twitterTests */,
				AF5E682B1D21BA370008AF54 /* twitterUITests */,
				AF5E680A1D21BA370008AF54 /* Products */,
				3FE050DDDA0E6617D935BB13 /* Pods */,
				F800F7F62A3DB50182B3C9B8 /* Frameworks */,
			);
			sourceTree = "<group>";
		};
		AF5E680A1D21BA370008AF54 /* Products */ = {
			isa = PBXGroup;
			children = (
				AF5E68091D21BA370008AF54 /* twitter.app */,
				AF5E681D1D21BA370008AF54 /* twitterTests.xctest */,
				AF5E68281D21BA370008AF54 /* twitterUITests.xctest */,
			);
			name = Products;
			sourceTree = "<group>";
		};
		AF5E680B1D21BA370008AF54 /* twitter */ = {
			isa = PBXGroup;
			children = (
				AF5E680C1D21BA370008AF54 /* AppDelegate.swift */,
				AF324F2D1D24503E0017AEAB /* Table View Cells */,
				AF5E68431D21C9090008AF54 /* API */,
				AF5E683E1D21C4160008AF54 /* View Controllers */,
				AF5E683C1D21C3F90008AF54 /* Models */,
				AF5E68101D21BA370008AF54 /* Main.storyboard */,
				AF5E68131D21BA370008AF54 /* Assets.xcassets */,
				AF5E68151D21BA370008AF54 /* LaunchScreen.storyboard */,
				AF5E68181D21BA370008AF54 /* Info.plist */,
				AF324F2E1D2580860017AEAB /* InfiniteScrollActivityView.swift */,
			);
			path = twitter;
			sourceTree = "<group>";
		};
		AF5E68201D21BA370008AF54 /* twitterTests */ = {
			isa = PBXGroup;
			children = (
				AF5E68211D21BA370008AF54 /* twitterTests.swift */,
				AF5E68231D21BA370008AF54 /* Info.plist */,
			);
			path = twitterTests;
			sourceTree = "<group>";
		};
		AF5E682B1D21BA370008AF54 /* twitterUITests */ = {
			isa = PBXGroup;
			children = (
				AF5E682C1D21BA370008AF54 /* twitterUITests.swift */,
				AF5E682E1D21BA370008AF54 /* Info.plist */,
			);
			path = twitterUITests;
			sourceTree = "<group>";
		};
		AF5E683C1D21C3F90008AF54 /* Models */ = {
			isa = PBXGroup;
			children = (
				AF5E683F1D21C4400008AF54 /* User.swift */,
				AF5E68411D21C44A0008AF54 /* Tweet.swift */,
			);
			name = Models;
			sourceTree = "<group>";
		};
		AF5E683E1D21C4160008AF54 /* View Controllers */ = {
			isa = PBXGroup;
			children = (
				AF5E683A1D21BB490008AF54 /* LoginViewController.swift */,
				AF5E68481D21CFF70008AF54 /* TweetsViewController.swift */,
				AF5E68501D2312280008AF54 /* DetailViewController.swift */,
				AF5E68521D232A510008AF54 /* ProfileViewController.swift */,
				AF5E68561D233E0A0008AF54 /* ComposeViewController.swift */,
				AF324F291D2449A60017AEAB /* UserViewController.swift */,
			);
			name = "View Controllers";
			sourceTree = "<group>";
		};
		AF5E68431D21C9090008AF54 /* API */ = {
			isa = PBXGroup;
			children = (
				AF5E68461D21C96F0008AF54 /* TwitterClientSM.swift */,
			);
			name = API;
			sourceTree = "<group>";
		};
		F800F7F62A3DB50182B3C9B8 /* Frameworks */ = {
			isa = PBXGroup;
			children = (
				354AD078BE9B3C97EA2BB82E /* Pods_twitter.framework */,
				BF545D92184EE4D35E823BC1 /* Pods_twitterTests.framework */,
				490B85B06F2C3C1E8AC51632 /* Pods_twitterUITests.framework */,
			);
			name = Frameworks;
			sourceTree = "<group>";
		};
/* End PBXGroup section */

/* Begin PBXNativeTarget section */
		AF5E68081D21BA370008AF54 /* twitter */ = {
			isa = PBXNativeTarget;
			buildConfigurationList = AF5E68311D21BA370008AF54 /* Build configuration list for PBXNativeTarget "twitter" */;
			buildPhases = (
				3912E545D0E710482C3F0C09 /* [CP] Check Pods Manifest.lock */,
				AF5E68051D21BA370008AF54 /* Sources */,
				AF5E68061D21BA370008AF54 /* Frameworks */,
				AF5E68071D21BA370008AF54 /* Resources */,
				AED68B540D762FDF7416E5F4 /* [CP] Embed Pods Frameworks */,
				953345FE289F07B97C43178D /* [CP] Copy Pods Resources */,
			);
			buildRules = (
			);
			dependencies = (
			);
			name = twitter;
			productName = twitter;
			productReference = AF5E68091D21BA370008AF54 /* twitter.app */;
			productType = "com.apple.product-type.application";
		};
		AF5E681C1D21BA370008AF54 /* twitterTests */ = {
			isa = PBXNativeTarget;
			buildConfigurationList = AF5E68341D21BA370008AF54 /* Build configuration list for PBXNativeTarget "twitterTests" */;
			buildPhases = (
				021FF7FA258CDF0627DB477F /* [CP] Check Pods Manifest.lock */,
				AF5E68191D21BA370008AF54 /* Sources */,
				AF5E681A1D21BA370008AF54 /* Frameworks */,
				AF5E681B1D21BA370008AF54 /* Resources */,
				85B45DCAE2C5D467ED6620DD /* [CP] Embed Pods Frameworks */,
				985937019F14BCE079FF523A /* [CP] Copy Pods Resources */,
			);
			buildRules = (
			);
			dependencies = (
				AF5E681F1D21BA370008AF54 /* PBXTargetDependency */,
			);
			name = twitterTests;
			productName = twitterTests;
			productReference = AF5E681D1D21BA370008AF54 /* twitterTests.xctest */;
			productType = "com.apple.product-type.bundle.unit-test";
		};
		AF5E68271D21BA370008AF54 /* twitterUITests */ = {
			isa = PBXNativeTarget;
			buildConfigurationList = AF5E68371D21BA370008AF54 /* Build configuration list for PBXNativeTarget "twitterUITests" */;
			buildPhases = (
				2E825C6B5EEA55AECB45D84D /* [CP] Check Pods Manifest.lock */,
				AF5E68241D21BA370008AF54 /* Sources */,
				AF5E68251D21BA370008AF54 /* Frameworks */,
				AF5E68261D21BA370008AF54 /* Resources */,
				21C488EE4BDDCDC5219C95A2 /* [CP] Copy Pods Resources */,
			);
			buildRules = (
			);
			dependencies = (
				AF5E682A1D21BA370008AF54 /* PBXTargetDependency */,
			);
			name = twitterUITests;
			productName = twitterUITests;
			productReference = AF5E68281D21BA370008AF54 /* twitterUITests.xctest */;
			productType = "com.apple.product-type.bundle.ui-testing";
		};
/* End PBXNativeTarget section */

/* Begin PBXProject section */
		AF5E68011D21BA370008AF54 /* Project object */ = {
			isa = PBXProject;
			attributes = {
				LastSwiftUpdateCheck = 0730;
				LastUpgradeCheck = 0730;
				ORGANIZATIONNAME = "Angeline Rao";
				TargetAttributes = {
					AF5E68081D21BA370008AF54 = {
						CreatedOnToolsVersion = 7.3.1;
					};
					AF5E681C1D21BA370008AF54 = {
						CreatedOnToolsVersion = 7.3.1;
						TestTargetID = AF5E68081D21BA370008AF54;
					};
					AF5E68271D21BA370008AF54 = {
						CreatedOnToolsVersion = 7.3.1;
						TestTargetID = AF5E68081D21BA370008AF54;
					};
				};
			};
			buildConfigurationList = AF5E68041D21BA370008AF54 /* Build configuration list for PBXProject "twitter" */;
			compatibilityVersion = "Xcode 3.2";
			developmentRegion = English;
			hasScannedForEncodings = 0;
			knownRegions = (
				en,
				Base,
			);
			mainGroup = AF5E68001D21BA370008AF54;
			productRefGroup = AF5E680A1D21BA370008AF54 /* Products */;
			projectDirPath = "";
			projectRoot = "";
			targets = (
				AF5E68081D21BA370008AF54 /* twitter */,
				AF5E681C1D21BA370008AF54 /* twitterTests */,
				AF5E68271D21BA370008AF54 /* twitterUITests */,
			);
		};
/* End PBXProject section */

/* Begin PBXResourcesBuildPhase section */
		AF5E68071D21BA370008AF54 /* Resources */ = {
			isa = PBXResourcesBuildPhase;
			buildActionMask = 2147483647;
			files = (
				AF5E68171D21BA370008AF54 /* LaunchScreen.storyboard in Resources */,
				AF5E68141D21BA370008AF54 /* Assets.xcassets in Resources */,
				AF5E68121D21BA370008AF54 /* Main.storyboard in Resources */,
			);
			runOnlyForDeploymentPostprocessing = 0;
		};
		AF5E681B1D21BA370008AF54 /* Resources */ = {
			isa = PBXResourcesBuildPhase;
			buildActionMask = 2147483647;
			files = (
			);
			runOnlyForDeploymentPostprocessing = 0;
		};
		AF5E68261D21BA370008AF54 /* Resources */ = {
			isa = PBXResourcesBuildPhase;
			buildActionMask = 2147483647;
			files = (
			);
			runOnlyForDeploymentPostprocessing = 0;
		};
/* End PBXResourcesBuildPhase section */

/* Begin PBXShellScriptBuildPhase section */
		021FF7FA258CDF0627DB477F /* [CP] Check Pods Manifest.lock */ = {
			isa = PBXShellScriptBuildPhase;
			buildActionMask = 2147483647;
			files = (
			);
			inputPaths = (
			);
			name = "[CP] Check Pods Manifest.lock";
			outputPaths = (
			);
			runOnlyForDeploymentPostprocessing = 0;
			shellPath = /bin/sh;
			shellScript = "diff \"${PODS_ROOT}/../Podfile.lock\" \"${PODS_ROOT}/Manifest.lock\" > /dev/null\nif [[ $? != 0 ]] ; then\n    cat << EOM\nerror: The sandbox is not in sync with the Podfile.lock. Run 'pod install' or update your CocoaPods installation.\nEOM\n    exit 1\nfi\n";
			showEnvVarsInLog = 0;
		};
		21C488EE4BDDCDC5219C95A2 /* [CP] Copy Pods Resources */ = {
			isa = PBXShellScriptBuildPhase;
			buildActionMask = 2147483647;
			files = (
			);
			inputPaths = (
			);
			name = "[CP] Copy Pods Resources";
			outputPaths = (
			);
			runOnlyForDeploymentPostprocessing = 0;
			shellPath = /bin/sh;
			shellScript = "\"${SRCROOT}/Pods/Target Support Files/Pods-twitterUITests/Pods-twitterUITests-resources.sh\"\n";
			showEnvVarsInLog = 0;
		};
		2E825C6B5EEA55AECB45D84D /* [CP] Check Pods Manifest.lock */ = {
			isa = PBXShellScriptBuildPhase;
			buildActionMask = 2147483647;
			files = (
			);
			inputPaths = (
			);
			name = "[CP] Check Pods Manifest.lock";
			outputPaths = (
			);
			runOnlyForDeploymentPostprocessing = 0;
			shellPath = /bin/sh;
			shellScript = "diff \"${PODS_ROOT}/../Podfile.lock\" \"${PODS_ROOT}/Manifest.lock\" > /dev/null\nif [[ $? != 0 ]] ; then\n    cat << EOM\nerror: The sandbox is not in sync with the Podfile.lock. Run 'pod install' or update your CocoaPods installation.\nEOM\n    exit 1\nfi\n";
			showEnvVarsInLog = 0;
		};
		3912E545D0E710482C3F0C09 /* [CP] Check Pods Manifest.lock */ = {
			isa = PBXShellScriptBuildPhase;
			buildActionMask = 2147483647;
			files = (
			);
			inputPaths = (
			);
			name = "[CP] Check Pods Manifest.lock";
			outputPaths = (
			);
			runOnlyForDeploymentPostprocessing = 0;
			shellPath = /bin/sh;
			shellScript = "diff \"${PODS_ROOT}/../Podfile.lock\" \"${PODS_ROOT}/Manifest.lock\" > /dev/null\nif [[ $? != 0 ]] ; then\n    cat << EOM\nerror: The sandbox is not in sync with the Podfile.lock. Run 'pod install' or update your CocoaPods installation.\nEOM\n    exit 1\nfi\n";
			showEnvVarsInLog = 0;
		};
		85B45DCAE2C5D467ED6620DD /* [CP] Embed Pods Frameworks */ = {
			isa = PBXShellScriptBuildPhase;
			buildActionMask = 2147483647;
			files = (
			);
			inputPaths = (
			);
			name = "[CP] Embed Pods Frameworks";
			outputPaths = (
			);
			runOnlyForDeploymentPostprocessing = 0;
			shellPath = /bin/sh;
			shellScript = "\"${SRCROOT}/Pods/Target Support Files/Pods-twitterTests/Pods-twitterTests-frameworks.sh\"\n";
			showEnvVarsInLog = 0;
		};
		953345FE289F07B97C43178D /* [CP] Copy Pods Resources */ = {
			isa = PBXShellScriptBuildPhase;
			buildActionMask = 2147483647;
			files = (
			);
			inputPaths = (
			);
			name = "[CP] Copy Pods Resources";
			outputPaths = (
			);
			runOnlyForDeploymentPostprocessing = 0;
			shellPath = /bin/sh;
			shellScript = "\"${SRCROOT}/Pods/Target Support Files/Pods-twitter/Pods-twitter-resources.sh\"\n";
			showEnvVarsInLog = 0;
		};
		985937019F14BCE079FF523A /* [CP] Copy Pods Resources */ = {
			isa = PBXShellScriptBuildPhase;
			buildActionMask = 2147483647;
			files = (
			);
			inputPaths = (
			);
			name = "[CP] Copy Pods Resources";
			outputPaths = (
			);
			runOnlyForDeploymentPostprocessing = 0;
			shellPath = /bin/sh;
			shellScript = "\"${SRCROOT}/Pods/Target Support Files/Pods-twitterTests/Pods-twitterTests-resources.sh\"\n";
			showEnvVarsInLog = 0;
		};
		AED68B540D762FDF7416E5F4 /* [CP] Embed Pods Frameworks */ = {
			isa = PBXShellScriptBuildPhase;
			buildActionMask = 2147483647;
			files = (
			);
			inputPaths = (
			);
			name = "[CP] Embed Pods Frameworks";
			outputPaths = (
			);
			runOnlyForDeploymentPostprocessing = 0;
			shellPath = /bin/sh;
			shellScript = "\"${SRCROOT}/Pods/Target Support Files/Pods-twitter/Pods-twitter-frameworks.sh\"\n";
			showEnvVarsInLog = 0;
		};
/* End PBXShellScriptBuildPhase section */

/* Begin PBXSourcesBuildPhase section */
		AF5E68051D21BA370008AF54 /* Sources */ = {
			isa = PBXSourcesBuildPhase;
			buildActionMask = 2147483647;
			files = (
				AF5E68401D21C4400008AF54 /* User.swift in Sources */,
				AF324F2A1D2449A60017AEAB /* UserViewController.swift in Sources */,
				AF324F2C1D244FBE0017AEAB /* UserTweetCell.swift in Sources */,
				AF5E684B1D21D1A80008AF54 /* TweetCell.swift in Sources */,
				AF5E68421D21C44A0008AF54 /* Tweet.swift in Sources */,
				AF5E68471D21C96F0008AF54 /* TwitterClientSM.swift in Sources */,
				AF5E683B1D21BB490008AF54 /* LoginViewController.swift in Sources */,
				AF5E68491D21CFF70008AF54 /* TweetsViewController.swift in Sources */,
				AF324F2F1D2580860017AEAB /* InfiniteScrollActivityView.swift in Sources */,
				AF5E68571D233E0A0008AF54 /* ComposeViewController.swift in Sources */,
				AF5E68531D232A510008AF54 /* ProfileViewController.swift in Sources */,
				AF5E680D1D21BA370008AF54 /* AppDelegate.swift in Sources */,
				AF5E68511D2312280008AF54 /* DetailViewController.swift in Sources */,
				AF5E68551D232B020008AF54 /* ProfileCell.swift in Sources */,
			);
			runOnlyForDeploymentPostprocessing = 0;
		};
		AF5E68191D21BA370008AF54 /* Sources */ = {
			isa = PBXSourcesBuildPhase;
			buildActionMask = 2147483647;
			files = (
				AF5E68221D21BA370008AF54 /* twitterTests.swift in Sources */,
			);
			runOnlyForDeploymentPostprocessing = 0;
		};
		AF5E68241D21BA370008AF54 /* Sources */ = {
			isa = PBXSourcesBuildPhase;
			buildActionMask = 2147483647;
			files = (
				AF5E682D1D21BA370008AF54 /* twitterUITests.swift in Sources */,
			);
			runOnlyForDeploymentPostprocessing = 0;
		};
/* End PBXSourcesBuildPhase section */

/* Begin PBXTargetDependency section */
		AF5E681F1D21BA370008AF54 /* PBXTargetDependency */ = {
			isa = PBXTargetDependency;
			target = AF5E68081D21BA370008AF54 /* twitter */;
			targetProxy = AF5E681E1D21BA370008AF54 /* PBXContainerItemProxy */;
		};
		AF5E682A1D21BA370008AF54 /* PBXTargetDependency */ = {
			isa = PBXTargetDependency;
			target = AF5E68081D21BA370008AF54 /* twitter */;
			targetProxy = AF5E68291D21BA370008AF54 /* PBXContainerItemProxy */;
		};
/* End PBXTargetDependency section */

/* Begin PBXVariantGroup section */
		AF5E68101D21BA370008AF54 /* Main.storyboard */ = {
			isa = PBXVariantGroup;
			children = (
				AF5E68111D21BA370008AF54 /* Base */,
			);
			name = Main.storyboard;
			sourceTree = "<group>";
		};
		AF5E68151D21BA370008AF54 /* LaunchScreen.storyboard */ = {
			isa = PBXVariantGroup;
			children = (
				AF5E68161D21BA370008AF54 /* Base */,
			);
			name = LaunchScreen.storyboard;
			sourceTree = "<group>";
		};
/* End PBXVariantGroup section */

/* Begin XCBuildConfiguration section */
		AF5E682F1D21BA370008AF54 /* Debug */ = {
			isa = XCBuildConfiguration;
			buildSettings = {
				ALWAYS_SEARCH_USER_PATHS = NO;
				CLANG_ANALYZER_NONNULL = YES;
				CLANG_CXX_LANGUAGE_STANDARD = "gnu++0x";
				CLANG_CXX_LIBRARY = "libc++";
				CLANG_ENABLE_MODULES = YES;
				CLANG_ENABLE_OBJC_ARC = YES;
				CLANG_WARN_BOOL_CONVERSION = YES;
				CLANG_WARN_CONSTANT_CONVERSION = YES;
				CLANG_WARN_DIRECT_OBJC_ISA_USAGE = YES_ERROR;
				CLANG_WARN_EMPTY_BODY = YES;
				CLANG_WARN_ENUM_CONVERSION = YES;
				CLANG_WARN_INT_CONVERSION = YES;
				CLANG_WARN_OBJC_ROOT_CLASS = YES_ERROR;
				CLANG_WARN_UNREACHABLE_CODE = YES;
				CLANG_WARN__DUPLICATE_METHOD_MATCH = YES;
				"CODE_SIGN_IDENTITY[sdk=iphoneos*]" = "iPhone Developer";
				COPY_PHASE_STRIP = NO;
				DEBUG_INFORMATION_FORMAT = dwarf;
				ENABLE_STRICT_OBJC_MSGSEND = YES;
				ENABLE_TESTABILITY = YES;
				GCC_C_LANGUAGE_STANDARD = gnu99;
				GCC_DYNAMIC_NO_PIC = NO;
				GCC_NO_COMMON_BLOCKS = YES;
				GCC_OPTIMIZATION_LEVEL = 0;
				GCC_PREPROCESSOR_DEFINITIONS = (
					"DEBUG=1",
					"$(inherited)",
				);
				GCC_WARN_64_TO_32_BIT_CONVERSION = YES;
				GCC_WARN_ABOUT_RETURN_TYPE = YES_ERROR;
				GCC_WARN_UNDECLARED_SELECTOR = YES;
				GCC_WARN_UNINITIALIZED_AUTOS = YES_AGGRESSIVE;
				GCC_WARN_UNUSED_FUNCTION = YES;
				GCC_WARN_UNUSED_VARIABLE = YES;
				IPHONEOS_DEPLOYMENT_TARGET = 9.3;
				MTL_ENABLE_DEBUG_INFO = YES;
				ONLY_ACTIVE_ARCH = YES;
				SDKROOT = iphoneos;
				SWIFT_OPTIMIZATION_LEVEL = "-Onone";
			};
			name = Debug;
		};
		AF5E68301D21BA370008AF54 /* Release */ = {
			isa = XCBuildConfiguration;
			buildSettings = {
				ALWAYS_SEARCH_USER_PATHS = NO;
				CLANG_ANALYZER_NONNULL = YES;
				CLANG_CXX_LANGUAGE_STANDARD = "gnu++0x";
				CLANG_CXX_LIBRARY = "libc++";
				CLANG_ENABLE_MODULES = YES;
				CLANG_ENABLE_OBJC_ARC = YES;
				CLANG_WARN_BOOL_CONVERSION = YES;
				CLANG_WARN_CONSTANT_CONVERSION = YES;
				CLANG_WARN_DIRECT_OBJC_ISA_USAGE = YES_ERROR;
				CLANG_WARN_EMPTY_BODY = YES;
				CLANG_WARN_ENUM_CONVERSION = YES;
				CLANG_WARN_INT_CONVERSION = YES;
				CLANG_WARN_OBJC_ROOT_CLASS = YES_ERROR;
				CLANG_WARN_UNREACHABLE_CODE = YES;
				CLANG_WARN__DUPLICATE_METHOD_MATCH = YES;
				"CODE_SIGN_IDENTITY[sdk=iphoneos*]" = "iPhone Developer";
				COPY_PHASE_STRIP = NO;
				DEBUG_INFORMATION_FORMAT = "dwarf-with-dsym";
				ENABLE_NS_ASSERTIONS = NO;
				ENABLE_STRICT_OBJC_MSGSEND = YES;
				GCC_C_LANGUAGE_STANDARD = gnu99;
				GCC_NO_COMMON_BLOCKS = YES;
				GCC_WARN_64_TO_32_BIT_CONVERSION = YES;
				GCC_WARN_ABOUT_RETURN_TYPE = YES_ERROR;
				GCC_WARN_UNDECLARED_SELECTOR = YES;
				GCC_WARN_UNINITIALIZED_AUTOS = YES_AGGRESSIVE;
				GCC_WARN_UNUSED_FUNCTION = YES;
				GCC_WARN_UNUSED_VARIABLE = YES;
				IPHONEOS_DEPLOYMENT_TARGET = 9.3;
				MTL_ENABLE_DEBUG_INFO = NO;
				SDKROOT = iphoneos;
				VALIDATE_PRODUCT = YES;
			};
			name = Release;
		};
		AF5E68321D21BA370008AF54 /* Debug */ = {
			isa = XCBuildConfiguration;
			baseConfigurationReference = 5F3B199DC1D4D6229E8D7728 /* Pods-twitter.debug.xcconfig */;
			buildSettings = {
				ASSETCATALOG_COMPILER_APPICON_NAME = AppIcon;
				INFOPLIST_FILE = twitter/Info.plist;
				LD_RUNPATH_SEARCH_PATHS = "$(inherited) @executable_path/Frameworks";
				PRODUCT_BUNDLE_IDENTIFIER = com.facebook.twitter;
				PRODUCT_NAME = "$(TARGET_NAME)";
			};
			name = Debug;
		};
		AF5E68331D21BA370008AF54 /* Release */ = {
			isa = XCBuildConfiguration;
			baseConfigurationReference = 1505B83210E8BD8A2B3A9D99 /* Pods-twitter.release.xcconfig */;
			buildSettings = {
				ASSETCATALOG_COMPILER_APPICON_NAME = AppIcon;
				INFOPLIST_FILE = twitter/Info.plist;
				LD_RUNPATH_SEARCH_PATHS = "$(inherited) @executable_path/Frameworks";
				PRODUCT_BUNDLE_IDENTIFIER = com.facebook.twitter;
				PRODUCT_NAME = "$(TARGET_NAME)";
			};
			name = Release;
		};
		AF5E68351D21BA370008AF54 /* Debug */ = {
			isa = XCBuildConfiguration;
			baseConfigurationReference = A90F141BD9DD8EE164659352 /* Pods-twitterTests.debug.xcconfig */;
			buildSettings = {
				BUNDLE_LOADER = "$(TEST_HOST)";
				INFOPLIST_FILE = twitterTests/Info.plist;
				LD_RUNPATH_SEARCH_PATHS = "$(inherited) @executable_path/Frameworks @loader_path/Frameworks";
				PRODUCT_BUNDLE_IDENTIFIER = com.facebook.twitterTests;
				PRODUCT_NAME = "$(TARGET_NAME)";
				TEST_HOST = "$(BUILT_PRODUCTS_DIR)/twitter.app/twitter";
			};
			name = Debug;
		};
		AF5E68361D21BA370008AF54 /* Release */ = {
			isa = XCBuildConfiguration;
			baseConfigurationReference = C7D12C70A80EB8DC870C2CA1 /* Pods-twitterTests.release.xcconfig */;
			buildSettings = {
				BUNDLE_LOADER = "$(TEST_HOST)";
				INFOPLIST_FILE = twitterTests/Info.plist;
				LD_RUNPATH_SEARCH_PATHS = "$(inherited) @executable_path/Frameworks @loader_path/Frameworks";
				PRODUCT_BUNDLE_IDENTIFIER = com.facebook.twitterTests;
				PRODUCT_NAME = "$(TARGET_NAME)";
				TEST_HOST = "$(BUILT_PRODUCTS_DIR)/twitter.app/twitter";
			};
			name = Release;
		};
		AF5E68381D21BA370008AF54 /* Debug */ = {
			isa = XCBuildConfiguration;
			baseConfigurationReference = BDEF42B00863A1EAF131BB08 /* Pods-twitterUITests.debug.xcconfig */;
			buildSettings = {
				INFOPLIST_FILE = twitterUITests/Info.plist;
				LD_RUNPATH_SEARCH_PATHS = "$(inherited) @executable_path/Frameworks @loader_path/Frameworks";
				PRODUCT_BUNDLE_IDENTIFIER = com.facebook.twitterUITests;
				PRODUCT_NAME = "$(TARGET_NAME)";
				TEST_TARGET_NAME = twitter;
			};
			name = Debug;
		};
		AF5E68391D21BA370008AF54 /* Release */ = {
			isa = XCBuildConfiguration;
			baseConfigurationReference = 7EEEB777C277DC374C392174 /* Pods-twitterUITests.release.xcconfig */;
			buildSettings = {
				INFOPLIST_FILE = twitterUITests/Info.plist;
				LD_RUNPATH_SEARCH_PATHS = "$(inherited) @executable_path/Frameworks @loader_path/Frameworks";
				PRODUCT_BUNDLE_IDENTIFIER = com.facebook.twitterUITests;
				PRODUCT_NAME = "$(TARGET_NAME)";
				TEST_TARGET_NAME = twitter;
			};
			name = Release;
		};
/* End XCBuildConfiguration section */

/* Begin XCConfigurationList section */
		AF5E68041D21BA370008AF54 /* Build configuration list for PBXProject "twitter" */ = {
			isa = XCConfigurationList;
			buildConfigurations = (
				AF5E682F1D21BA370008AF54 /* Debug */,
				AF5E68301D21BA370008AF54 /* Release */,
			);
			defaultConfigurationIsVisible = 0;
			defaultConfigurationName = Release;
		};
		AF5E68311D21BA370008AF54 /* Build configuration list for PBXNativeTarget "twitter" */ = {
			isa = XCConfigurationList;
			buildConfigurations = (
				AF5E68321D21BA370008AF54 /* Debug */,
				AF5E68331D21BA370008AF54 /* Release */,
			);
			defaultConfigurationIsVisible = 0;
			defaultConfigurationName = Release;
		};
		AF5E68341D21BA370008AF54 /* Build configuration list for PBXNativeTarget "twitterTests" */ = {
			isa = XCConfigurationList;
			buildConfigurations = (
				AF5E68351D21BA370008AF54 /* Debug */,
				AF5E68361D21BA370008AF54 /* Release */,
			);
			defaultConfigurationIsVisible = 0;
			defaultConfigurationName = Release;
		};
		AF5E68371D21BA370008AF54 /* Build configuration list for PBXNativeTarget "twitterUITests" */ = {
			isa = XCConfigurationList;
			buildConfigurations = (
				AF5E68381D21BA370008AF54 /* Debug */,
				AF5E68391D21BA370008AF54 /* Release */,
			);
			defaultConfigurationIsVisible = 0;
			defaultConfigurationName = Release;
		};
/* End XCConfigurationList section */
	};
	rootObject = AF5E68011D21BA370008AF54 /* Project object */;
}
